
Microsoft Visual Studio Solution File, Format Version 12.00
# Visual Studio 14
VisualStudioVersion = 14.0.25123.0
MinimumVisualStudioVersion = 10.0.40219.1
Project("{8BC9CEB8-8B4A-11D0-8D11-00A0C91BC942}") = "BackApackA Monstero", "BackApackA Monstero.vcxproj", "{9918049E-5D77-4BA9-A0D6-10BAF708AEB4}"
EndProject
Project("{8BC9CEB8-8B4A-11D0-8D11-00A0C91BC942}") = "Monstero6.0", "..\Monstero6.0\Monstero6.0.vcxproj", "{DDE362F9-E2D8-4F7D-AB78-67614A6F3794}"
EndProject
Global
	GlobalSection(SolutionConfigurationPlatforms) = preSolution
		Debug|x64 = Debug|x64
		Debug|x86 = Debug|x86
		Release|x64 = Release|x64
		Release|x86 = Release|x86
	EndGlobalSection
	GlobalSection(ProjectConfigurationPlatforms) = postSolution
		{9918049E-5D77-4BA9-A0D6-10BAF708AEB4}.Debug|x64.ActiveCfg = Debug|x64
		{9918049E-5D77-4BA9-A0D6-10BAF708AEB4}.Debug|x64.Build.0 = Debug|x64
		{9918049E-5D77-4BA9-A0D6-10BAF708AEB4}.Debug|x86.ActiveCfg = Debug|Win32
		{9918049E-5D77-4BA9-A0D6-10BAF708AEB4}.Debug|x86.Build.0 = Debug|Win32
		{9918049E-5D77-4BA9-A0D6-10BAF708AEB4}.Release|x64.ActiveCfg = Release|x64
		{9918049E-5D77-4BA9-A0D6-10BAF708AEB4}.Release|x64.Build.0 = Release|x64
		{9918049E-5D77-4BA9-A0D6-10BAF708AEB4}.Release|x86.ActiveCfg = Release|Win32
		{9918049E-5D77-4BA9-A0D6-10BAF708AEB4}.Release|x86.Build.0 = Release|Win32
		{DDE362F9-E2D8-4F7D-AB78-67614A6F3794}.Debug|x64.ActiveCfg = Debug|x64
		{DDE362F9-E2D8-4F7D-AB78-67614A6F3794}.Debug|x64.Build.0 = Debug|x64
		{DDE362F9-E2D8-4F7D-AB78-67614A6F3794}.Debug|x86.ActiveCfg = Debug|Win32
		{DDE362F9-E2D8-4F7D-AB78-67614A6F3794}.Debug|x86.Build.0 = Debug|Win32
		{DDE362F9-E2D8-4F7D-AB78-67614A6F3794}.Release|x64.ActiveCfg = Release|x64
		{DDE362F9-E2D8-4F7D-AB78-67614A6F3794}.Release|x64.Build.0 = Release|x64
		{DDE362F9-E2D8-4F7D-AB78-67614A6F3794}.Release|x86.ActiveCfg = Release|Win32
		{DDE362F9-E2D8-4F7D-AB78-67614A6F3794}.Release|x86.Build.0 = Release|Win32
	EndGlobalSection
	GlobalSection(SolutionProperties) = preSolution
		HideSolutionNode = FALSE
	EndGlobalSection
	GlobalSection(ExtensibilityGlobals) = postSolution
		SolutionGuid = {C4516D9A-1258-422D-ABD3-936DB709CEDB}
	EndGlobalSection
EndGlobal
